
Microsoft Visual Studio Solution File, Format Version 12.00
# Visual Studio Version 16
VisualStudioVersion = 16.0.31112.23
MinimumVisualStudioVersion = 10.0.40219.1
Project("{FAE04EC0-301F-11D3-BF4B-00C04F79EFBC}") = "invoiceWPF2", "invoiceWPF2.csproj", "{C713E996-C5D8-4B07-883D-658291B90A67}"
EndProject
Global
	GlobalSection(SolutionConfigurationPlatforms) = preSolution
		Debug|Any CPU = Debug|Any CPU
		Release|Any CPU = Release|Any CPU
	EndGlobalSection
	GlobalSection(ProjectConfigurationPlatforms) = postSolution
		{C713E996-C5D8-4B07-883D-658291B90A67}.Debug|Any CPU.ActiveCfg = Debug|Any CPU
		{C713E996-C5D8-4B07-883D-658291B90A67}.Debug|Any CPU.Build.0 = Debug|Any CPU
		{C713E996-C5D8-4B07-883D-658291B90A67}.Release|Any CPU.ActiveCfg = Release|Any CPU
		{C713E996-C5D8-4B07-883D-658291B90A67}.Release|Any CPU.Build.0 = Release|Any CPU
	EndGlobalSection
	GlobalSection(SolutionProperties) = preSolution
		HideSolutionNode = FALSE
	EndGlobalSection
	GlobalSection(ExtensibilityGlobals) = postSolution
		SolutionGuid = {12917224-F4F3-4036-997C-62070864851C}
	EndGlobalSection
EndGlobal
